// !$*UTF8*$!
{
	archiveVersion = 1;
	classes = {
	};
	objectVersion = 56;
	objects = {

/* Begin PBXBuildFile section */
		CB7070D42B30B08900A14385 /* Advanced_Note_Taking1App.swift in Sources */ = {isa = PBXBuildFile; fileRef = CB7070D32B30B08900A14385 /* Advanced_Note_Taking1App.swift */; };
		CB7070D62B30B08900A14385 /* ContentView.swift in Sources */ = {isa = PBXBuildFile; fileRef = CB7070D52B30B08900A14385 /* ContentView.swift */; };
		CB7070D82B30B08A00A14385 /* Assets.xcassets in Resources */ = {isa = PBXBuildFile; fileRef = CB7070D72B30B08A00A14385 /* Assets.xcassets */; };
		CB7070DB2B30B08A00A14385 /* Preview Assets.xcassets in Resources */ = {isa = PBXBuildFile; fileRef = CB7070DA2B30B08A00A14385 /* Preview Assets.xcassets */; };
		CB7070E52B30B08A00A14385 /* Advanced_Note_Taking1Tests.swift in Sources */ = {isa = PBXBuildFile; fileRef = CB7070E42B30B08A00A14385 /* Advanced_Note_Taking1Tests.swift */; };
		CB7070EF2B30B08A00A14385 /* Advanced_Note_Taking1UITests.swift in Sources */ = {isa = PBXBuildFile; fileRef = CB7070EE2B30B08A00A14385 /* Advanced_Note_Taking1UITests.swift */; };
		CB7070F12B30B08A00A14385 /* Advanced_Note_Taking1UITestsLaunchTests.swift in Sources */ = {isa = PBXBuildFile; fileRef = CB7070F02B30B08A00A14385 /* Advanced_Note_Taking1UITestsLaunchTests.swift */; };
/* End PBXBuildFile section */

/* Begin PBXContainerItemProxy section */
		CB7070E12B30B08A00A14385 /* PBXContainerItemProxy */ = {
			isa = PBXContainerItemProxy;
			containerPortal = CB7070C82B30B08900A14385 /* Project object */;
			proxyType = 1;
			remoteGlobalIDString = CB7070CF2B30B08900A14385;
			remoteInfo = "Advanced-Note-Taking1";
		};
		CB7070EB2B30B08A00A14385 /* PBXContainerItemProxy */ = {
			isa = PBXContainerItemProxy;
			containerPortal = CB7070C82B30B08900A14385 /* Project object */;
			proxyType = 1;
			remoteGlobalIDString = CB7070CF2B30B08900A14385;
			remoteInfo = "Advanced-Note-Taking1";
		};
/* End PBXContainerItemProxy section */

/* Begin PBXFileReference section */
		CB7070D02B30B08900A14385 /* Advanced-Note-Taking1.app */ = {isa = PBXFileReference; explicitFileType = wrapper.application; includeInIndex = 0; path = "Advanced-Note-Taking1.app"; sourceTree = BUILT_PRODUCTS_DIR; };
		CB7070D32B30B08900A14385 /* Advanced_Note_Taking1App.swift */ = {isa = PBXFileReference; lastKnownFileType = sourcecode.swift; path = Advanced_Note_Taking1App.swift; sourceTree = "<group>"; };
		CB7070D52B30B08900A14385 /* ContentView.swift */ = {isa = PBXFileReference; lastKnownFileType = sourcecode.swift; path = ContentView.swift; sourceTree = "<group>"; };
		CB7070D72B30B08A00A14385 /* Assets.xcassets */ = {isa = PBXFileReference; lastKnownFileType = folder.assetcatalog; path = Assets.xcassets; sourceTree = "<group>"; };
		CB7070DA2B30B08A00A14385 /* Preview Assets.xcassets */ = {isa = PBXFileReference; lastKnownFileType = folder.assetcatalog; path = "Preview Assets.xcassets"; sourceTree = "<group>"; };
		CB7070E02B30B08A00A14385 /* Advanced-Note-Taking1Tests.xctest */ = {isa = PBXFileReference; explicitFileType = wrapper.cfbundle; includeInIndex = 0; path = "Advanced-Note-Taking1Tests.xctest"; sourceTree = BUILT_PRODUCTS_DIR; };
		CB7070E42B30B08A00A14385 /* Advanced_Note_Taking1Tests.swift */ = {isa = PBXFileReference; lastKnownFileType = sourcecode.swift; path = Advanced_Note_Taking1Tests.swift; sourceTree = "<group>"; };
		CB7070EA2B30B08A00A14385 /* Advanced-Note-Taking1UITests.xctest */ = {isa = PBXFileReference; explicitFileType = wrapper.cfbundle; includeInIndex = 0; path = "Advanced-Note-Taking1UITests.xctest"; sourceTree = BUILT_PRODUCTS_DIR; };
		CB7070EE2B30B08A00A14385 /* Advanced_Note_Taking1UITests.swift */ = {isa = PBXFileReference; lastKnownFileType = sourcecode.swift; path = Advanced_Note_Taking1UITests.swift; sourceTree = "<group>"; };
		CB7070F02B30B08A00A14385 /* Advanced_Note_Taking1UITestsLaunchTests.swift */ = {isa = PBXFileReference; lastKnownFileType = sourcecode.swift; path = Advanced_Note_Taking1UITestsLaunchTests.swift; sourceTree = "<group>"; };
/* End PBXFileReference section */

/* Begin PBXFrameworksBuildPhase section */
		CB7070CD2B30B08900A14385 /* Frameworks */ = {
			isa = PBXFrameworksBuildPhase;
			buildActionMask = 2147483647;
			files = (
			);
			runOnlyForDeploymentPostprocessing = 0;
		};
		CB7070DD2B30B08A00A14385 /* Frameworks */ = {
			isa = PBXFrameworksBuildPhase;
			buildActionMask = 2147483647;
			files = (
			);
			runOnlyForDeploymentPostprocessing = 0;
		};
		CB7070E72B30B08A00A14385 /* Frameworks */ = {
			isa = PBXFrameworksBuildPhase;
			buildActionMask = 2147483647;
			files = (
			);
			runOnlyForDeploymentPostprocessing = 0;
		};
/* End PBXFrameworksBuildPhase section */

/* Begin PBXGroup section */
		CB7070C72B30B08900A14385 = {
			isa = PBXGroup;
			children = (
				CB7070D22B30B08900A14385 /* Advanced-Note-Taking1 */,
				CB7070E32B30B08A00A14385 /* Advanced-Note-Taking1Tests */,
				CB7070ED2B30B08A00A14385 /* Advanced-Note-Taking1UITests */,
				CB7070D12B30B08900A14385 /* Products */,
			);
			sourceTree = "<group>";
		};
		CB7070D12B30B08900A14385 /* Products */ = {
			isa = PBXGroup;
			children = (
				CB7070D02B30B08900A14385 /* Advanced-Note-Taking1.app */,
				CB7070E02B30B08A00A14385 /* Advanced-Note-Taking1Tests.xctest */,
				CB7070EA2B30B08A00A14385 /* Advanced-Note-Taking1UITests.xctest */,
			);
			name = Products;
			sourceTree = "<group>";
		};
		CB7070D22B30B08900A14385 /* Advanced-Note-Taking1 */ = {
			isa = PBXGroup;
			children = (
				CB7070D32B30B08900A14385 /* Advanced_Note_Taking1App.swift */,
				CB7070D52B30B08900A14385 /* ContentView.swift */,
				CB7070D72B30B08A00A14385 /* Assets.xcassets */,
				CB7070D92B30B08A00A14385 /* Preview Content */,
			);
			path = "Advanced-Note-Taking1";
			sourceTree = "<group>";
		};
		CB7070D92B30B08A00A14385 /* Preview Content */ = {
			isa = PBXGroup;
			children = (
				CB7070DA2B30B08A00A14385 /* Preview Assets.xcassets */,
			);
			path = "Preview Content";
			sourceTree = "<group>";
		};
		CB7070E32B30B08A00A14385 /* Advanced-Note-Taking1Tests */ = {
			isa = PBXGroup;
			children = (
				CB7070E42B30B08A00A14385 /* Advanced_Note_Taking1Tests.swift */,
			);
			path = "Advanced-Note-Taking1Tests";
			sourceTree = "<group>";
		};
		CB7070ED2B30B08A00A14385 /* Advanced-Note-Taking1UITests */ = {
			isa = PBXGroup;
			children = (
				CB7070EE2B30B08A00A14385 /* Advanced_Note_Taking1UITests.swift */,
				CB7070F02B30B08A00A14385 /* Advanced_Note_Taking1UITestsLaunchTests.swift */,
			);
			path = "Advanced-Note-Taking1UITests";
			sourceTree = "<group>";
		};
/* End PBXGroup section */

/* Begin PBXNativeTarget section */
		CB7070CF2B30B08900A14385 /* Advanced-Note-Taking1 */ = {
			isa = PBXNativeTarget;
			buildConfigurationList = CB7070F42B30B08A00A14385 /* Build configuration list for PBXNativeTarget "Advanced-Note-Taking1" */;
			buildPhases = (
				CB7070CC2B30B08900A14385 /* Sources */,
				CB7070CD2B30B08900A14385 /* Frameworks */,
				CB7070CE2B30B08900A14385 /* Resources */,
			);
			buildRules = (
			);
			dependencies = (
			);
			name = "Advanced-Note-Taking1";
			productName = "Advanced-Note-Taking1";
			productReference = CB7070D02B30B08900A14385 /* Advanced-Note-Taking1.app */;
			productType = "com.apple.product-type.application";
		};
		CB7070DF2B30B08A00A14385 /* Advanced-Note-Taking1Tests */ = {
			isa = PBXNativeTarget;
			buildConfigurationList = CB7070F72B30B08A00A14385 /* Build configuration list for PBXNativeTarget "Advanced-Note-Taking1Tests" */;
			buildPhases = (
				CB7070DC2B30B08A00A14385 /* Sources */,
				CB7070DD2B30B08A00A14385 /* Frameworks */,
				CB7070DE2B30B08A00A14385 /* Resources */,
			);
			buildRules = (
			);
			dependencies = (
				CB7070E22B30B08A00A14385 /* PBXTargetDependency */,
			);
			name = "Advanced-Note-Taking1Tests";
			productName = "Advanced-Note-Taking1Tests";
			productReference = CB7070E02B30B08A00A14385 /* Advanced-Note-Taking1Tests.xctest */;
			productType = "com.apple.product-type.bundle.unit-test";
		};
		CB7070E92B30B08A00A14385 /* Advanced-Note-Taking1UITests */ = {
			isa = PBXNativeTarget;
			buildConfigurationList = CB7070FA2B30B08A00A14385 /* Build configuration list for PBXNativeTarget "Advanced-Note-Taking1UITests" */;
			buildPhases = (
				CB7070E62B30B08A00A14385 /* Sources */,
				CB7070E72B30B08A00A14385 /* Frameworks */,
				CB7070E82B30B08A00A14385 /* Resources */,
			);
			buildRules = (
			);
			dependencies = (
				CB7070EC2B30B08A00A14385 /* PBXTargetDependency */,
			);
			name = "Advanced-Note-Taking1UITests";
			productName = "Advanced-Note-Taking1UITests";
			productReference = CB7070EA2B30B08A00A14385 /* Advanced-Note-Taking1UITests.xctest */;
			productType = "com.apple.product-type.bundle.ui-testing";
		};
/* End PBXNativeTarget section */

/* Begin PBXProject section */
		CB7070C82B30B08900A14385 /* Project object */ = {
			isa = PBXProject;
			attributes = {
				BuildIndependentTargetsInParallel = 1;
				LastSwiftUpdateCheck = 1500;
				LastUpgradeCheck = 1500;
				TargetAttributes = {
					CB7070CF2B30B08900A14385 = {
						CreatedOnToolsVersion = 15.0.1;
					};
					CB7070DF2B30B08A00A14385 = {
						CreatedOnToolsVersion = 15.0.1;
						TestTargetID = CB7070CF2B30B08900A14385;
					};
					CB7070E92B30B08A00A14385 = {
						CreatedOnToolsVersion = 15.0.1;
						TestTargetID = CB7070CF2B30B08900A14385;
					};
				};
			};
			buildConfigurationList = CB7070CB2B30B08900A14385 /* Build configuration list for PBXProject "Advanced-Note-Taking1" */;
			compatibilityVersion = "Xcode 14.0";
			developmentRegion = en;
			hasScannedForEncodings = 0;
			knownRegions = (
				en,
				Base,
			);
			mainGroup = CB7070C72B30B08900A14385;
			productRefGroup = CB7070D12B30B08900A14385 /* Products */;
			projectDirPath = "";
			projectRoot = "";
			targets = (
				CB7070CF2B30B08900A14385 /* Advanced-Note-Taking1 */,
				CB7070DF2B30B08A00A14385 /* Advanced-Note-Taking1Tests */,
				CB7070E92B30B08A00A14385 /* Advanced-Note-Taking1UITests */,
			);
		};
/* End PBXProject section */

/* Begin PBXResourcesBuildPhase section */
		CB7070CE2B30B08900A14385 /* Resources */ = {
			isa = PBXResourcesBuildPhase;
			buildActionMask = 2147483647;
			files = (
				CB7070DB2B30B08A00A14385 /* Preview Assets.xcassets in Resources */,
				CB7070D82B30B08A00A14385 /* Assets.xcassets in Resources */,
			);
			runOnlyForDeploymentPostprocessing = 0;
		};
		CB7070DE2B30B08A00A14385 /* Resources */ = {
			isa = PBXResourcesBuildPhase;
			buildActionMask = 2147483647;
			files = (
			);
			runOnlyForDeploymentPostprocessing = 0;
		};
		CB7070E82B30B08A00A14385 /* Resources */ = {
			isa = PBXResourcesBuildPhase;
			buildActionMask = 2147483647;
			files = (
			);
			runOnlyForDeploymentPostprocessing = 0;
		};
/* End PBXResourcesBuildPhase section */

/* Begin PBXSourcesBuildPhase section */
		CB7070CC2B30B08900A14385 /* Sources */ = {
			isa = PBXSourcesBuildPhase;
			buildActionMask = 2147483647;
			files = (
				CB7070D62B30B08900A14385 /* ContentView.swift in Sources */,
				CB7070D42B30B08900A14385 /* Advanced_Note_Taking1App.swift in Sources */,
			);
			runOnlyForDeploymentPostprocessing = 0;
		};
		CB7070DC2B30B08A00A14385 /* Sources */ = {
			isa = PBXSourcesBuildPhase;
			buildActionMask = 2147483647;
			files = (
				CB7070E52B30B08A00A14385 /* Advanced_Note_Taking1Tests.swift in Sources */,
			);
			runOnlyForDeploymentPostprocessing = 0;
		};
		CB7070E62B30B08A00A14385 /* Sources */ = {
			isa = PBXSourcesBuildPhase;
			buildActionMask = 2147483647;
			files = (
				CB7070F12B30B08A00A14385 /* Advanced_Note_Taking1UITestsLaunchTests.swift in Sources */,
				CB7070EF2B30B08A00A14385 /* Advanced_Note_Taking1UITests.swift in Sources */,
			);
			runOnlyForDeploymentPostprocessing = 0;
		};
/* End PBXSourcesBuildPhase section */

/* Begin PBXTargetDependency section */
		CB7070E22B30B08A00A14385 /* PBXTargetDependency */ = {
			isa = PBXTargetDependency;
			target = CB7070CF2B30B08900A14385 /* Advanced-Note-Taking1 */;
			targetProxy = CB7070E12B30B08A00A14385 /* PBXContainerItemProxy */;
		};
		CB7070EC2B30B08A00A14385 /* PBXTargetDependency */ = {
			isa = PBXTargetDependency;
			target = CB7070CF2B30B08900A14385 /* Advanced-Note-Taking1 */;
			targetProxy = CB7070EB2B30B08A00A14385 /* PBXContainerItemProxy */;
		};
/* End PBXTargetDependency section */

/* Begin XCBuildConfiguration section */
		CB7070F22B30B08A00A14385 /* Debug */ = {
			isa = XCBuildConfiguration;
			buildSettings = {
				ALWAYS_SEARCH_USER_PATHS = NO;
				ASSETCATALOG_COMPILER_GENERATE_SWIFT_ASSET_SYMBOL_EXTENSIONS = YES;
				CLANG_ANALYZER_NONNULL = YES;
				CLANG_ANALYZER_NUMBER_OBJECT_CONVERSION = YES_AGGRESSIVE;
				CLANG_CXX_LANGUAGE_STANDARD = "gnu++20";
				CLANG_ENABLE_MODULES = YES;
				CLANG_ENABLE_OBJC_ARC = YES;
				CLANG_ENABLE_OBJC_WEAK = YES;
				CLANG_WARN_BLOCK_CAPTURE_AUTORELEASING = YES;
				CLANG_WARN_BOOL_CONVERSION = YES;
				CLANG_WARN_COMMA = YES;
				CLANG_WARN_CONSTANT_CONVERSION = YES;
				CLANG_WARN_DEPRECATED_OBJC_IMPLEMENTATIONS = YES;
				CLANG_WARN_DIRECT_OBJC_ISA_USAGE = YES_ERROR;
				CLANG_WARN_DOCUMENTATION_COMMENTS = YES;
				CLANG_WARN_EMPTY_BODY = YES;
				CLANG_WARN_ENUM_CONVERSION = YES;
				CLANG_WARN_INFINITE_RECURSION = YES;
				CLANG_WARN_INT_CONVERSION = YES;
				CLANG_WARN_NON_LITERAL_NULL_CONVERSION = YES;
				CLANG_WARN_OBJC_IMPLICIT_RETAIN_SELF = YES;
				CLANG_WARN_OBJC_LITERAL_CONVERSION = YES;
				CLANG_WARN_OBJC_ROOT_CLASS = YES_ERROR;
				CLANG_WARN_QUOTED_INCLUDE_IN_FRAMEWORK_HEADER = YES;
				CLANG_WARN_RANGE_LOOP_ANALYSIS = YES;
				CLANG_WARN_STRICT_PROTOTYPES = YES;
				CLANG_WARN_SUSPICIOUS_MOVE = YES;
				CLANG_WARN_UNGUARDED_AVAILABILITY = YES_AGGRESSIVE;
				CLANG_WARN_UNREACHABLE_CODE = YES;
				CLANG_WARN__DUPLICATE_METHOD_MATCH = YES;
				COPY_PHASE_STRIP = NO;
				DEBUG_INFORMATION_FORMAT = dwarf;
				ENABLE_STRICT_OBJC_MSGSEND = YES;
				ENABLE_TESTABILITY = YES;
				ENABLE_USER_SCRIPT_SANDBOXING = YES;
				GCC_C_LANGUAGE_STANDARD = gnu17;
				GCC_DYNAMIC_NO_PIC = NO;
				GCC_NO_COMMON_BLOCKS = YES;
				GCC_OPTIMIZATION_LEVEL = 0;
				GCC_PREPROCESSOR_DEFINITIONS = (
					"DEBUG=1",
					"$(inherited)",
				);
				GCC_WARN_64_TO_32_BIT_CONVERSION = YES;
				GCC_WARN_ABOUT_RETURN_TYPE = YES_ERROR;
				GCC_WARN_UNDECLARED_SELECTOR = YES;
				GCC_WARN_UNINITIALIZED_AUTOS = YES_AGGRESSIVE;
				GCC_WARN_UNUSED_FUNCTION = YES;
				GCC_WARN_UNUSED_VARIABLE = YES;
				IPHONEOS_DEPLOYMENT_TARGET = 17.0;
				LOCALIZATION_PREFERS_STRING_CATALOGS = YES;
				MTL_ENABLE_DEBUG_INFO = INCLUDE_SOURCE;
				MTL_FAST_MATH = YES;
				ONLY_ACTIVE_ARCH = YES;
				SDKROOT = iphoneos;
				SWIFT_ACTIVE_COMPILATION_CONDITIONS = "DEBUG $(inherited)";
				SWIFT_OPTIMIZATION_LEVEL = "-Onone";
			};
			name = Debug;
		};
		CB7070F32B30B08A00A14385 /* Release */ = {
			isa = XCBuildConfiguration;
			buildSettings = {
				ALWAYS_SEARCH_USER_PATHS = NO;
				ASSETCATALOG_COMPILER_GENERATE_SWIFT_ASSET_SYMBOL_EXTENSIONS = YES;
				CLANG_ANALYZER_NONNULL = YES;
				CLANG_ANALYZER_NUMBER_OBJECT_CONVERSION = YES_AGGRESSIVE;
				CLANG_CXX_LANGUAGE_STANDARD = "gnu++20";
				CLANG_ENABLE_MODULES = YES;
				CLANG_ENABLE_OBJC_ARC = YES;
				CLANG_ENABLE_OBJC_WEAK = YES;
				CLANG_WARN_BLOCK_CAPTURE_AUTORELEASING = YES;
				CLANG_WARN_BOOL_CONVERSION = YES;
				CLANG_WARN_COMMA = YES;
				CLANG_WARN_CONSTANT_CONVERSION = YES;
				CLANG_WARN_DEPRECATED_OBJC_IMPLEMENTATIONS = YES;
				CLANG_WARN_DIRECT_OBJC_ISA_USAGE = YES_ERROR;
				CLANG_WARN_DOCUMENTATION_COMMENTS = YES;
				CLANG_WARN_EMPTY_BODY = YES;
				CLANG_WARN_ENUM_CONVERSION = YES;
				CLANG_WARN_INFINITE_RECURSION = YES;
				CLANG_WARN_INT_CONVERSION = YES;
				CLANG_WARN_NON_LITERAL_NULL_CONVERSION = YES;
				CLANG_WARN_OBJC_IMPLICIT_RETAIN_SELF = YES;
				CLANG_WARN_OBJC_LITERAL_CONVERSION = YES;
				CLANG_WARN_OBJC_ROOT_CLASS = YES_ERROR;
				CLANG_WARN_QUOTED_INCLUDE_IN_FRAMEWORK_HEADER = YES;
				CLANG_WARN_RANGE_LOOP_ANALYSIS = YES;
				CLANG_WARN_STRICT_PROTOTYPES = YES;
				CLANG_WARN_SUSPICIOUS_MOVE = YES;
				CLANG_WARN_UNGUARDED_AVAILABILITY = YES_AGGRESSIVE;
				CLANG_WARN_UNREACHABLE_CODE = YES;
				CLANG_WARN__DUPLICATE_METHOD_MATCH = YES;
				COPY_PHASE_STRIP = NO;
				DEBUG_INFORMATION_FORMAT = "dwarf-with-dsym";
				ENABLE_NS_ASSERTIONS = NO;
				ENABLE_STRICT_OBJC_MSGSEND = YES;
				ENABLE_USER_SCRIPT_SANDBOXING = YES;
				GCC_C_LANGUAGE_STANDARD = gnu17;
				GCC_NO_COMMON_BLOCKS = YES;
				GCC_WARN_64_TO_32_BIT_CONVERSION = YES;
				GCC_WARN_ABOUT_RETURN_TYPE = YES_ERROR;
				GCC_WARN_UNDECLARED_SELECTOR = YES;
				GCC_WARN_UNINITIALIZED_AUTOS = YES_AGGRESSIVE;
				GCC_WARN_UNUSED_FUNCTION = YES;
				GCC_WARN_UNUSED_VARIABLE = YES;
				IPHONEOS_DEPLOYMENT_TARGET = 17.0;
				LOCALIZATION_PREFERS_STRING_CATALOGS = YES;
				MTL_ENABLE_DEBUG_INFO = NO;
				MTL_FAST_MATH = YES;
				SDKROOT = iphoneos;
				SWIFT_COMPILATION_MODE = wholemodule;
				VALIDATE_PRODUCT = YES;
			};
			name = Release;
		};
		CB7070F52B30B08A00A14385 /* Debug */ = {
			isa = XCBuildConfiguration;
			buildSettings = {
				ASSETCATALOG_COMPILER_APPICON_NAME = AppIcon;
				ASSETCATALOG_COMPILER_GLOBAL_ACCENT_COLOR_NAME = AccentColor;
				CODE_SIGN_STYLE = Automatic;
				CURRENT_PROJECT_VERSION = 1;
				DEVELOPMENT_ASSET_PATHS = "\"Advanced-Note-Taking1/Preview Content\"";
				DEVELOPMENT_TEAM = 54GH4MF3D4;
				ENABLE_PREVIEWS = YES;
				GENERATE_INFOPLIST_FILE = YES;
				INFOPLIST_KEY_UIApplicationSceneManifest_Generation = YES;
				INFOPLIST_KEY_UIApplicationSupportsIndirectInputEvents = YES;
				INFOPLIST_KEY_UILaunchScreen_Generation = YES;
				INFOPLIST_KEY_UISupportedInterfaceOrientations_iPad = "UIInterfaceOrientationPortrait UIInterfaceOrientationPortraitUpsideDown UIInterfaceOrientationLandscapeLeft UIInterfaceOrientationLandscapeRight";
				INFOPLIST_KEY_UISupportedInterfaceOrientations_iPhone = "UIInterfaceOrientationPortrait UIInterfaceOrientationLandscapeLeft UIInterfaceOrientationLandscapeRight";
				LD_RUNPATH_SEARCH_PATHS = (
					"$(inherited)",
					"@executable_path/Frameworks",
				);
				MARKETING_VERSION = 1.0;
				PRODUCT_BUNDLE_IDENTIFIER = "com.yousuf.Advanced-Note-Taking1";
				PRODUCT_NAME = "$(TARGET_NAME)";
				SWIFT_EMIT_LOC_STRINGS = YES;
				SWIFT_VERSION = 5.0;
				TARGETED_DEVICE_FAMILY = "1,2";
			};
			name = Debug;
		};
		CB7070F62B30B08A00A14385 /* Release */ = {
			isa = XCBuildConfiguration;
			buildSettings = {
				ASSETCATALOG_COMPILER_APPICON_NAME = AppIcon;
				ASSETCATALOG_COMPILER_GLOBAL_ACCENT_COLOR_NAME = AccentColor;
				CODE_SIGN_STYLE = Automatic;
				CURRENT_PROJECT_VERSION = 1;
				DEVELOPMENT_ASSET_PATHS = "\"Advanced-Note-Taking1/Preview Content\"";
				DEVELOPMENT_TEAM = 54GH4MF3D4;
				ENABLE_PREVIEWS = YES;
				GENERATE_INFOPLIST_FILE = YES;
				INFOPLIST_KEY_UIApplicationSceneManifest_Generation = YES;
				INFOPLIST_KEY_UIApplicationSupportsIndirectInputEvents = YES;
				INFOPLIST_KEY_UILaunchScreen_Generation = YES;
				INFOPLIST_KEY_UISupportedInterfaceOrientations_iPad = "UIInterfaceOrientationPortrait UIInterfaceOrientationPortraitUpsideDown UIInterfaceOrientationLandscapeLeft UIInterfaceOrientationLandscapeRight";
				INFOPLIST_KEY_UISupportedInterfaceOrientations_iPhone = "UIInterfaceOrientationPortrait UIInterfaceOrientationLandscapeLeft UIInterfaceOrientationLandscapeRight";
				LD_RUNPATH_SEARCH_PATHS = (
					"$(inherited)",
					"@executable_path/Frameworks",
				);
				MARKETING_VERSION = 1.0;
				PRODUCT_BUNDLE_IDENTIFIER = "com.yousuf.Advanced-Note-Taking1";
				PRODUCT_NAME = "$(TARGET_NAME)";
				SWIFT_EMIT_LOC_STRINGS = YES;
				SWIFT_VERSION = 5.0;
				TARGETED_DEVICE_FAMILY = "1,2";
			};
			name = Release;
		};
		CB7070F82B30B08A00A14385 /* Debug */ = {
			isa = XCBuildConfiguration;
			buildSettings = {
				ALWAYS_EMBED_SWIFT_STANDARD_LIBRARIES = YES;
				BUNDLE_LOADER = "$(TEST_HOST)";
				CODE_SIGN_STYLE = Automatic;
				CURRENT_PROJECT_VERSION = 1;
				DEVELOPMENT_TEAM = 54GH4MF3D4;
				GENERATE_INFOPLIST_FILE = YES;
				IPHONEOS_DEPLOYMENT_TARGET = 17.0;
				MARKETING_VERSION = 1.0;
				PRODUCT_BUNDLE_IDENTIFIER = "com.yousuf.Advanced-Note-Taking1Tests";
				PRODUCT_NAME = "$(TARGET_NAME)";
				SWIFT_EMIT_LOC_STRINGS = NO;
				SWIFT_VERSION = 5.0;
				TARGETED_DEVICE_FAMILY = "1,2";
				TEST_HOST = "$(BUILT_PRODUCTS_DIR)/Advanced-Note-Taking1.app/$(BUNDLE_EXECUTABLE_FOLDER_PATH)/Advanced-Note-Taking1";
			};
			name = Debug;
		};
		CB7070F92B30B08A00A14385 /* Release */ = {
			isa = XCBuildConfiguration;
			buildSettings = {
				ALWAYS_EMBED_SWIFT_STANDARD_LIBRARIES = YES;
				BUNDLE_LOADER = "$(TEST_HOST)";
				CODE_SIGN_STYLE = Automatic;
				CURRENT_PROJECT_VERSION = 1;
				DEVELOPMENT_TEAM = 54GH4MF3D4;
				GENERATE_INFOPLIST_FILE = YES;
				IPHONEOS_DEPLOYMENT_TARGET = 17.0;
				MARKETING_VERSION = 1.0;
				PRODUCT_BUNDLE_IDENTIFIER = "com.yousuf.Advanced-Note-Taking1Tests";
				PRODUCT_NAME = "$(TARGET_NAME)";
				SWIFT_EMIT_LOC_STRINGS = NO;
				SWIFT_VERSION = 5.0;
				TARGETED_DEVICE_FAMILY = "1,2";
				TEST_HOST = "$(BUILT_PRODUCTS_DIR)/Advanced-Note-Taking1.app/$(BUNDLE_EXECUTABLE_FOLDER_PATH)/Advanced-Note-Taking1";
			};
			name = Release;
		};
		CB7070FB2B30B08A00A14385 /* Debug */ = {
			isa = XCBuildConfiguration;
			buildSettings = {
				ALWAYS_EMBED_SWIFT_STANDARD_LIBRARIES = YES;
				CODE_SIGN_STYLE = Automatic;
				CURRENT_PROJECT_VERSION = 1;
				DEVELOPMENT_TEAM = 54GH4MF3D4;
				GENERATE_INFOPLIST_FILE = YES;
				MARKETING_VERSION = 1.0;
				PRODUCT_BUNDLE_IDENTIFIER = "com.yousuf.Advanced-Note-Taking1UITests";
				PRODUCT_NAME = "$(TARGET_NAME)";
				SWIFT_EMIT_LOC_STRINGS = NO;
				SWIFT_VERSION = 5.0;
				TARGETED_DEVICE_FAMILY = "1,2";
				TEST_TARGET_NAME = "Advanced-Note-Taking1";
			};
			name = Debug;
		};
		CB7070FC2B30B08A00A14385 /* Release */ = {
			isa = XCBuildConfiguration;
			buildSettings = {
				ALWAYS_EMBED_SWIFT_STANDARD_LIBRARIES = YES;
				CODE_SIGN_STYLE = Automatic;
				CURRENT_PROJECT_VERSION = 1;
				DEVELOPMENT_TEAM = 54GH4MF3D4;
				GENERATE_INFOPLIST_FILE = YES;
				MARKETING_VERSION = 1.0;
				PRODUCT_BUNDLE_IDENTIFIER = "com.yousuf.Advanced-Note-Taking1UITests";
				PRODUCT_NAME = "$(TARGET_NAME)";
				SWIFT_EMIT_LOC_STRINGS = NO;
				SWIFT_VERSION = 5.0;
				TARGETED_DEVICE_FAMILY = "1,2";
				TEST_TARGET_NAME = "Advanced-Note-Taking1";
			};
			name = Release;
		};
/* End XCBuildConfiguration section */

/* Begin XCConfigurationList section */
		CB7070CB2B30B08900A14385 /* Build configuration list for PBXProject "Advanced-Note-Taking1" */ = {
			isa = XCConfigurationList;
			buildConfigurations = (
				CB7070F22B30B08A00A14385 /* Debug */,
				CB7070F32B30B08A00A14385 /* Release */,
			);
			defaultConfigurationIsVisible = 0;
			defaultConfigurationName = Release;
		};
		CB7070F42B30B08A00A14385 /* Build configuration list for PBXNativeTarget "Advanced-Note-Taking1" */ = {
			isa = XCConfigurationList;
			buildConfigurations = (
				CB7070F52B30B08A00A14385 /* Debug */,
				CB7070F62B30B08A00A14385 /* Release */,
			);
			defaultConfigurationIsVisible = 0;
			defaultConfigurationName = Release;
		};
		CB7070F72B30B08A00A14385 /* Build configuration list for PBXNativeTarget "Advanced-Note-Taking1Tests" */ = {
			isa = XCConfigurationList;
			buildConfigurations = (
				CB7070F82B30B08A00A14385 /* Debug */,
				CB7070F92B30B08A00A14385 /* Release */,
			);
			defaultConfigurationIsVisible = 0;
			defaultConfigurationName = Release;
		};
		CB7070FA2B30B08A00A14385 /* Build configuration list for PBXNativeTarget "Advanced-Note-Taking1UITests" */ = {
			isa = XCConfigurationList;
			buildConfigurations = (
				CB7070FB2B30B08A00A14385 /* Debug */,
				CB7070FC2B30B08A00A14385 /* Release */,
			);
			defaultConfigurationIsVisible = 0;
			defaultConfigurationName = Release;
		};
/* End XCConfigurationList section */
	};
	rootObject = CB7070C82B30B08900A14385 /* Project object */;
}
